
Microsoft Visual Studio Solution File, Format Version 12.00
# Visual Studio Version 17
VisualStudioVersion = 17.10.34928.147
MinimumVisualStudioVersion = 10.0.40219.1
Project("{FAE04EC0-301F-11D3-BF4B-00C04F79EFBC}") = "CrudEmpresas", "CrudEmpresas\CrudEmpresas.csproj", "{56DFBFF0-B090-4B10-9016-74F13A58E7D9}"
EndProject
Global
	GlobalSection(SolutionConfigurationPlatforms) = preSolution
		Debug|Any CPU = Debug|Any CPU
		Release|Any CPU = Release|Any CPU
	EndGlobalSection
	GlobalSection(ProjectConfigurationPlatforms) = postSolution
		{56DFBFF0-B090-4B10-9016-74F13A58E7D9}.Debug|Any CPU.ActiveCfg = Debug|Any CPU
		{56DFBFF0-B090-4B10-9016-74F13A58E7D9}.Debug|Any CPU.Build.0 = Debug|Any CPU
		{56DFBFF0-B090-4B10-9016-74F13A58E7D9}.Release|Any CPU.ActiveCfg = Release|Any CPU
		{56DFBFF0-B090-4B10-9016-74F13A58E7D9}.Release|Any CPU.Build.0 = Release|Any CPU
	EndGlobalSection
	GlobalSection(SolutionProperties) = preSolution
		HideSolutionNode = FALSE
	EndGlobalSection
	GlobalSection(ExtensibilityGlobals) = postSolution
		SolutionGuid = {E57D5DCD-60F7-48E8-AB34-79A541509F61}
	EndGlobalSection
EndGlobal
